// !$*UTF8*$!
{
	archiveVersion = 1;
	classes = {
	};
	objectVersion = 77;
	objects = {

	/* Begin PBXBuildFile section */
		0896E4F1E9CB40F082ED62DB /* FamCal WatchKit Extension.appex in Embed WatchKit Extension */ = {isa = PBXBuildFile; fileRef = 67974C107FC90002510DC359 /* FamCal WatchKit Extension.appex */; };
		0694D93E951485B781BF720D /* Foundation.framework in Frameworks */ = {isa = PBXBuildFile; fileRef = 904065347A827820CE0920A9 /* Foundation.framework */; };
		0B55838E45C8D09B607BCEA4 /* NextEventsView.swift in Sources */ = {isa = PBXBuildFile; fileRef = 252DA05DA8AF464875E11CFD /* NextEventsView.swift */; };
		3189143FC6D3863B88478F5B /* WatchKit.framework in Frameworks */ = {isa = PBXBuildFile; fileRef = 7B92FF35A68C1F850DAE529B /* WatchKit.framework */; };
		3B6E4AFF3B6F8037FAC5DA06 /* libPods-FamCal.a in Frameworks */ = {isa = PBXBuildFile; fileRef = 70AD09E189CDD4488F8BE030 /* libPods-FamCal.a */; };
		3a0192659a8a4bfcb239d9d3 /* NextEventWidget.appex in Embed Foundation Extensions */ = {isa = PBXBuildFile; fileRef = 248EE1941C8C48C19FF54ED3 /* NextEventWidget.appex */; };
		4004F9BD72B30A5332C39B37 /* WatchMemberEvent.swift in Sources */ = {isa = PBXBuildFile; fileRef = 9B0128B3DE53448670319E8E /* WatchMemberEvent.swift */; };
		6A12D817CF9C7C1E0AE234E0 /* WatchConnectivity.framework in Frameworks */ = {isa = PBXBuildFile; fileRef = 42777D4DCE838F9134688B94 /* WatchConnectivity.framework */; };
		74310E18EABC1EEC71CAE2E3 /* FamCalWatchApp.swift in Sources */ = {isa = PBXBuildFile; fileRef = 79E5ED8BF0C9215FB5149D06 /* FamCalWatchApp.swift */; };
		7BF95B2999FA84A61F8D146F /* Info.plist in Resources */ = {isa = PBXBuildFile; fileRef = 60756307935E31140F324AA0 /* Info.plist */; };
		A97729B49F8C237F23EA9420 /* Foundation.framework in Frameworks */ = {isa = PBXBuildFile; fileRef = 904065347A827820CE0920A9 /* Foundation.framework */; };
		FD05CD302ED3830B003A2662 /* Auth in Frameworks */ = {isa = PBXBuildFile; productRef = FD05CD2F2ED3830B003A2662 /* Auth */; };
		FD05CD322ED3830B003A2662 /* PostgREST in Frameworks */ = {isa = PBXBuildFile; productRef = FD05CD312ED3830B003A2662 /* PostgREST */; };
		FD05CD342ED3830B003A2662 /* Realtime in Frameworks */ = {isa = PBXBuildFile; productRef = FD05CD332ED3830B003A2662 /* Realtime */; };
		FD05CD362ED3830B003A2662 /* Storage in Frameworks */ = {isa = PBXBuildFile; productRef = FD05CD352ED3830B003A2662 /* Storage */; };
		FD1CA6092F0F5C4100A1C5E8 /* FamCalNotificationContent.appex in Embed Foundation Extensions */ = {isa = PBXBuildFile; fileRef = FD1CA6012F0F5C4100A1C5E8 /* FamCalNotificationContent.appex */; };
		FD9B4E002F0E5C3100A1B2C3 /* GoogleSignIn in Frameworks */ = {isa = PBXBuildFile; productRef = FD9B4E012F0E5C3100A1B2C3 /* GoogleSignIn */; };
/* End PBXBuildFile section */

/* Begin PBXContainerItemProxy section */
		4BC37E97CDB642CFA7717A5C /* PBXContainerItemProxy */ = {
			isa = PBXContainerItemProxy;
			containerPortal = FD1B9A652ECB1ED700B8C72E /* Project object */;
			proxyType = 1;
			remoteGlobalIDString = 1D9CDB3F0D434692A51CC6A8;
			remoteInfo = NextEventWidget;
		};
		7886C39C528A1657664AC351 /* PBXContainerItemProxy */ = {
			isa = PBXContainerItemProxy;
			containerPortal = FD1B9A652ECB1ED700B8C72E /* Project object */;
			proxyType = 1;
			remoteGlobalIDString = B2F63BCDC868B1E3B6792F2B;
			remoteInfo = "FamCal WatchKit Extension";
		};
		FD1B9A822ECB1ED800B8C72E /* PBXContainerItemProxy */ = {
			isa = PBXContainerItemProxy;
			containerPortal = FD1B9A652ECB1ED700B8C72E /* Project object */;
			proxyType = 1;
			remoteGlobalIDString = FD1B9A6C2ECB1ED700B8C72E;
			remoteInfo = FamCal;
		};
		FD1B9A8C2ECB1ED800B8C72E /* PBXContainerItemProxy */ = {
			isa = PBXContainerItemProxy;
			containerPortal = FD1B9A652ECB1ED700B8C72E /* Project object */;
			proxyType = 1;
			remoteGlobalIDString = FD1B9A6C2ECB1ED700B8C72E;
			remoteInfo = FamCal;
		};
		FD1CA6072F0F5C4100A1C5E8 /* PBXContainerItemProxy */ = {
			isa = PBXContainerItemProxy;
			containerPortal = FD1B9A652ECB1ED700B8C72E /* Project object */;
			proxyType = 1;
			remoteGlobalIDString = FD1CA5FF2F0F5C4100A1C5E8;
			remoteInfo = FamCalNotificationContent;
		};
/* End PBXContainerItemProxy section */

	/* Begin PBXCopyFilesBuildPhase section */
		1BAA52DAC51B46DD976D7195 /* Embed Foundation Extensions */ = {
			isa = PBXCopyFilesBuildPhase;
			buildActionMask = 2147483647;
			dstPath = "";
			dstSubfolderSpec = 13;
			files = (
				3a0192659a8a4bfcb239d9d3 /* NextEventWidget.appex in Embed Foundation Extensions */,
				FD1CA6092F0F5C4100A1C5E8 /* FamCalNotificationContent.appex in Embed Foundation Extensions */,
			);
			name = "Embed Foundation Extensions";
			runOnlyForDeploymentPostprocessing = 0;
		};
		AD6B5A3B3CD05D4E2F4AF98C /* Embed WatchKit Extension */ = {
			isa = PBXCopyFilesBuildPhase;
			buildActionMask = 2147483647;
			dstPath = "";
			dstSubfolderSpec = 13;
			files = (
				0896E4F1E9CB40F082ED62DB /* FamCal WatchKit Extension.appex in Embed WatchKit Extension */,
			);
			name = "Embed WatchKit Extension";
			runOnlyForDeploymentPostprocessing = 0;
		};
	/* End PBXCopyFilesBuildPhase section */

/* Begin PBXFileReference section */
		0186BE2B1C47C03717727F55 /* FamCal WatchKit App.app */ = {isa = PBXFileReference; explicitFileType = wrapper.application; includeInIndex = 0; path = "FamCal WatchKit App.app"; sourceTree = BUILT_PRODUCTS_DIR; };
		248EE1941C8C48C19FF54ED3 /* NextEventWidget.appex */ = {isa = PBXFileReference; explicitFileType = "wrapper.app-extension"; includeInIndex = 0; path = NextEventWidget.appex; sourceTree = BUILT_PRODUCTS_DIR; };
		252DA05DA8AF464875E11CFD /* NextEventsView.swift */ = {isa = PBXFileReference; includeInIndex = 1; lastKnownFileType = sourcecode.swift; name = NextEventsView.swift; path = NextEventsView.swift; sourceTree = "<group>"; };
		363D1C58560F637A3316330C /* Pods-FamCal.release.xcconfig */ = {isa = PBXFileReference; includeInIndex = 1; lastKnownFileType = text.xcconfig; name = "Pods-FamCal.release.xcconfig"; path = "Target Support Files/Pods-FamCal/Pods-FamCal.release.xcconfig"; sourceTree = "<group>"; };
		42777D4DCE838F9134688B94 /* WatchConnectivity.framework */ = {isa = PBXFileReference; lastKnownFileType = wrapper.framework; name = WatchConnectivity.framework; path = Platforms/WatchOS.platform/Developer/SDKs/WatchOS11.0.sdk/System/Library/Frameworks/WatchConnectivity.framework; sourceTree = DEVELOPER_DIR; };
		4422D0B07B993B90E48CF99D /* Pods-FamCal.debug.xcconfig */ = {isa = PBXFileReference; includeInIndex = 1; lastKnownFileType = text.xcconfig; name = "Pods-FamCal.debug.xcconfig"; path = "Target Support Files/Pods-FamCal/Pods-FamCal.debug.xcconfig"; sourceTree = "<group>"; };
		60756307935E31140F324AA0 /* Info.plist */ = {isa = PBXFileReference; includeInIndex = 1; lastKnownFileType = text.plist.xml; name = Info.plist; path = Info.plist; sourceTree = "<group>"; };
		67974C107FC90002510DC359 /* FamCal WatchKit Extension.appex */ = {isa = PBXFileReference; explicitFileType = "wrapper.app-extension"; includeInIndex = 0; path = "FamCal WatchKit Extension.appex"; sourceTree = BUILT_PRODUCTS_DIR; };
		70AD09E189CDD4488F8BE030 /* libPods-FamCal.a */ = {isa = PBXFileReference; explicitFileType = archive.ar; includeInIndex = 0; path = "libPods-FamCal.a"; sourceTree = BUILT_PRODUCTS_DIR; };
		79E5ED8BF0C9215FB5149D06 /* FamCalWatchApp.swift */ = {isa = PBXFileReference; includeInIndex = 1; lastKnownFileType = sourcecode.swift; name = FamCalWatchApp.swift; path = FamCalWatchApp.swift; sourceTree = "<group>"; };
		7B92FF35A68C1F850DAE529B /* WatchKit.framework */ = {isa = PBXFileReference; lastKnownFileType = wrapper.framework; name = WatchKit.framework; path = Platforms/WatchOS.platform/Developer/SDKs/WatchOS11.0.sdk/System/Library/Frameworks/WatchKit.framework; sourceTree = DEVELOPER_DIR; };
		904065347A827820CE0920A9 /* Foundation.framework */ = {isa = PBXFileReference; lastKnownFileType = wrapper.framework; name = Foundation.framework; path = Platforms/WatchOS.platform/Developer/SDKs/WatchOS11.0.sdk/System/Library/Frameworks/Foundation.framework; sourceTree = DEVELOPER_DIR; };
		9B0128B3DE53448670319E8E /* WatchMemberEvent.swift */ = {isa = PBXFileReference; includeInIndex = 1; lastKnownFileType = sourcecode.swift; name = WatchMemberEvent.swift; path = WatchMemberEvent.swift; sourceTree = "<group>"; };
		AD1909080E9892218BF58D82 /* Info.plist */ = {isa = PBXFileReference; includeInIndex = 1; lastKnownFileType = text.plist.xml; name = Info.plist; path = Info.plist; sourceTree = "<group>"; };
		FD1B9A6D2ECB1ED700B8C72E /* FamCal.app */ = {isa = PBXFileReference; explicitFileType = wrapper.application; includeInIndex = 0; path = FamCal.app; sourceTree = BUILT_PRODUCTS_DIR; };
		FD1B9A812ECB1ED800B8C72E /* FamCalTests.xctest */ = {isa = PBXFileReference; explicitFileType = wrapper.cfbundle; includeInIndex = 0; path = FamCalTests.xctest; sourceTree = BUILT_PRODUCTS_DIR; };
		FD1B9A8B2ECB1ED800B8C72E /* FamCalUITests.xctest */ = {isa = PBXFileReference; explicitFileType = wrapper.cfbundle; includeInIndex = 0; path = FamCalUITests.xctest; sourceTree = BUILT_PRODUCTS_DIR; };
		FD1CA6012F0F5C4100A1C5E8 /* FamCalNotificationContent.appex */ = {isa = PBXFileReference; explicitFileType = "wrapper.app-extension"; includeInIndex = 0; path = FamCalNotificationContent.appex; sourceTree = BUILT_PRODUCTS_DIR; };
/* End PBXFileReference section */

/* Begin PBXFileSystemSynchronizedBuildFileExceptionSet section */
		E8F9F4BA85124DD59C3A6EB5 /* Exceptions for "NextEventWidget" folder in "NextEventWidget" target */ = {
			isa = PBXFileSystemSynchronizedBuildFileExceptionSet;
			membershipExceptions = (
				Info.plist,
			);
			target = 1D9CDB3F0D434692A51CC6A8 /* NextEventWidget */;
		};
		FD1B9A932ECB1ED800B8C72E /* Exceptions for "FamCal" folder in "FamCal" target */ = {
			isa = PBXFileSystemSynchronizedBuildFileExceptionSet;
			membershipExceptions = (
				Info.plist,
			);
			target = FD1B9A6C2ECB1ED700B8C72E /* FamCal */;
		};
		FD1CA6002F0F5C4100A1C5E8 /* Exceptions for "FamCalNotificationContent" folder in "FamCalNotificationContent" target */ = {
			isa = PBXFileSystemSynchronizedBuildFileExceptionSet;
			membershipExceptions = (
				Info.plist,
			);
			target = FD1CA5FF2F0F5C4100A1C5E8 /* FamCalNotificationContent */;
		};
/* End PBXFileSystemSynchronizedBuildFileExceptionSet section */

/* Begin PBXFileSystemSynchronizedRootGroup section */
		F0F30C8E0DC64E818BFD20CC /* NextEventWidget */ = {
			isa = PBXFileSystemSynchronizedRootGroup;
			exceptions = (
				E8F9F4BA85124DD59C3A6EB5 /* Exceptions for "NextEventWidget" folder in "NextEventWidget" target */,
			);
			path = NextEventWidget;
			sourceTree = "<group>";
		};
		FD1B9A6F2ECB1ED700B8C72E /* FamCal */ = {
			isa = PBXFileSystemSynchronizedRootGroup;
			exceptions = (
				FD1B9A932ECB1ED800B8C72E /* Exceptions for "FamCal" folder in "FamCal" target */,
			);
			path = FamCal;
			sourceTree = "<group>";
		};
		FD1B9A842ECB1ED800B8C72E /* FamCalTests */ = {
			isa = PBXFileSystemSynchronizedRootGroup;
			exceptions = (
			);
			path = FamCalTests;
			sourceTree = "<group>";
		};
		FD1B9A8E2ECB1ED800B8C72E /* FamCalUITests */ = {
			isa = PBXFileSystemSynchronizedRootGroup;
			exceptions = (
			);
			path = FamCalUITests;
			sourceTree = "<group>";
		};
		FD1CA5FD2F0F5C4100A1C5E8 /* FamCalNotificationContent */ = {
			isa = PBXFileSystemSynchronizedRootGroup;
			exceptions = (
				FD1CA6002F0F5C4100A1C5E8 /* Exceptions for "FamCalNotificationContent" folder in "FamCalNotificationContent" target */,
			);
			path = FamCalNotificationContent;
			sourceTree = "<group>";
		};
/* End PBXFileSystemSynchronizedRootGroup section */

/* Begin PBXFrameworksBuildPhase section */
		329AAAAB6BB3CA6AE3ECB455 /* Frameworks */ = {
			isa = PBXFrameworksBuildPhase;
			buildActionMask = 2147483647;
			files = (
				A97729B49F8C237F23EA9420 /* Foundation.framework in Frameworks */,
				6A12D817CF9C7C1E0AE234E0 /* WatchConnectivity.framework in Frameworks */,
			);
			runOnlyForDeploymentPostprocessing = 0;
		};
		3AD5554D209543B0AC31133D /* Frameworks */ = {
			isa = PBXFrameworksBuildPhase;
			buildActionMask = 2147483647;
			files = (
			);
			runOnlyForDeploymentPostprocessing = 0;
		};
		D98E901572B27C0BEA84EB7E /* Frameworks */ = {
			isa = PBXFrameworksBuildPhase;
			buildActionMask = 2147483647;
			files = (
				0694D93E951485B781BF720D /* Foundation.framework in Frameworks */,
				3189143FC6D3863B88478F5B /* WatchKit.framework in Frameworks */,
			);
			runOnlyForDeploymentPostprocessing = 0;
		};
		FD1B9A6A2ECB1ED700B8C72E /* Frameworks */ = {
			isa = PBXFrameworksBuildPhase;
			buildActionMask = 2147483647;
			files = (
				FD05CD362ED3830B003A2662 /* Storage in Frameworks */,
				FD05CD342ED3830B003A2662 /* Realtime in Frameworks */,
				FD05CD322ED3830B003A2662 /* PostgREST in Frameworks */,
				FD05CD302ED3830B003A2662 /* Auth in Frameworks */,
				FD9B4E002F0E5C3100A1B2C3 /* GoogleSignIn in Frameworks */,
				3B6E4AFF3B6F8037FAC5DA06 /* libPods-FamCal.a in Frameworks */,
			);
			runOnlyForDeploymentPostprocessing = 0;
		};
		FD1B9A7E2ECB1ED800B8C72E /* Frameworks */ = {
			isa = PBXFrameworksBuildPhase;
			buildActionMask = 2147483647;
			files = (
			);
			runOnlyForDeploymentPostprocessing = 0;
		};
		FD1B9A882ECB1ED800B8C72E /* Frameworks */ = {
			isa = PBXFrameworksBuildPhase;
			buildActionMask = 2147483647;
			files = (
			);
			runOnlyForDeploymentPostprocessing = 0;
		};
		FD1CA5FE2F0F5C4100A1C5E8 /* Frameworks */ = {
			isa = PBXFrameworksBuildPhase;
			buildActionMask = 2147483647;
			files = (
			);
			runOnlyForDeploymentPostprocessing = 0;
		};
/* End PBXFrameworksBuildPhase section */

/* Begin PBXGroup section */
		45F8A04459D330AE46CAB3AB /* WatchShared */ = {
			isa = PBXGroup;
			children = (
				9B0128B3DE53448670319E8E /* WatchMemberEvent.swift */,
			);
			name = WatchShared;
			path = WatchShared;
			sourceTree = "<group>";
		};
		52A07C0641C97D88EA7F6858 /* WatchApp */ = {
			isa = PBXGroup;
			children = (
				60756307935E31140F324AA0 /* Info.plist */,
			);
			name = WatchApp;
			path = WatchApp;
			sourceTree = "<group>";
		};
		542C5B6D3C6C41F71F39F0DC /* Pods */ = {
			isa = PBXGroup;
			children = (
				4422D0B07B993B90E48CF99D /* Pods-FamCal.debug.xcconfig */,
				363D1C58560F637A3316330C /* Pods-FamCal.release.xcconfig */,
			);
			path = Pods;
			sourceTree = "<group>";
		};
		881671FED4A790B95CD32C44 /* WatchAppExtension */ = {
			isa = PBXGroup;
			children = (
				AD1909080E9892218BF58D82 /* Info.plist */,
				79E5ED8BF0C9215FB5149D06 /* FamCalWatchApp.swift */,
				252DA05DA8AF464875E11CFD /* NextEventsView.swift */,
			);
			name = WatchAppExtension;
			path = WatchAppExtension;
			sourceTree = "<group>";
		};
		CCCD6678C5D573A98699691D /* Frameworks */ = {
			isa = PBXGroup;
			children = (
				70AD09E189CDD4488F8BE030 /* libPods-FamCal.a */,
				FA516497804625BDA264625F /* watchOS */,
			);
			name = Frameworks;
			sourceTree = "<group>";
		};
		FA516497804625BDA264625F /* watchOS */ = {
			isa = PBXGroup;
			children = (
				904065347A827820CE0920A9 /* Foundation.framework */,
				42777D4DCE838F9134688B94 /* WatchConnectivity.framework */,
				7B92FF35A68C1F850DAE529B /* WatchKit.framework */,
			);
			name = watchOS;
			sourceTree = "<group>";
		};
		FD1B9A642ECB1ED700B8C72E = {
			isa = PBXGroup;
			children = (
				FD1B9A6F2ECB1ED700B8C72E /* FamCal */,
				FD1B9A842ECB1ED800B8C72E /* FamCalTests */,
				FD1B9A8E2ECB1ED800B8C72E /* FamCalUITests */,
				F0F30C8E0DC64E818BFD20CC /* NextEventWidget */,
				FD1CA5FD2F0F5C4100A1C5E8 /* FamCalNotificationContent */,
				FD1B9A6E2ECB1ED700B8C72E /* Products */,
				542C5B6D3C6C41F71F39F0DC /* Pods */,
				CCCD6678C5D573A98699691D /* Frameworks */,
				52A07C0641C97D88EA7F6858 /* WatchApp */,
				881671FED4A790B95CD32C44 /* WatchAppExtension */,
				45F8A04459D330AE46CAB3AB /* WatchShared */,
			);
			sourceTree = "<group>";
		};
		FD1B9A6E2ECB1ED700B8C72E /* Products */ = {
			isa = PBXGroup;
			children = (
				FD1B9A6D2ECB1ED700B8C72E /* FamCal.app */,
				FD1B9A812ECB1ED800B8C72E /* FamCalTests.xctest */,
				248EE1941C8C48C19FF54ED3 /* NextEventWidget.appex */,
				FD1B9A8B2ECB1ED800B8C72E /* FamCalUITests.xctest */,
				FD1CA6012F0F5C4100A1C5E8 /* FamCalNotificationContent.appex */,
				67974C107FC90002510DC359 /* FamCal WatchKit Extension.appex */,
				0186BE2B1C47C03717727F55 /* FamCal WatchKit App.app */,
			);
			name = Products;
			sourceTree = "<group>";
		};
/* End PBXGroup section */

/* Begin PBXNativeTarget section */
		1D9CDB3F0D434692A51CC6A8 /* NextEventWidget */ = {
			isa = PBXNativeTarget;
			buildConfigurationList = E862BC1A83AB457F8B358598 /* Build configuration list for PBXNativeTarget "NextEventWidget" */;
			buildPhases = (
				0EBC59C2AA394B9D927FDF59 /* Sources */,
				3AD5554D209543B0AC31133D /* Frameworks */,
				8728BEA1512F4BC5844FFB5D /* Resources */,
			);
			buildRules = (
			);
			dependencies = (
			);
			fileSystemSynchronizedGroups = (
				F0F30C8E0DC64E818BFD20CC /* NextEventWidget */,
			);
			name = NextEventWidget;
			productName = NextEventWidget;
			productReference = 248EE1941C8C48C19FF54ED3 /* NextEventWidget.appex */;
			productType = "com.apple.product-type.app-extension";
		};
		2F92552573ADC588977D1986 /* FamCal WatchKit App */ = {
			isa = PBXNativeTarget;
			buildConfigurationList = 8804C409599C4BEB6C5E393C /* Build configuration list for PBXNativeTarget "FamCal WatchKit App" */;
			buildPhases = (
				DC4188B3A44599ED7176DEE3 /* Sources */,
				D98E901572B27C0BEA84EB7E /* Frameworks */,
				AD6B5A3B3CD05D4E2F4AF98C /* Embed WatchKit Extension */,
				3570F4FB29EC35F25FFAA372 /* Resources */,
			);
			buildRules = (
			);
			dependencies = (
				89A324B6E6478A41C8B1B12B /* PBXTargetDependency */,
			);
			name = "FamCal WatchKit App";
			productName = "FamCal WatchKit App";
			productReference = 0186BE2B1C47C03717727F55 /* FamCal WatchKit App.app */;
			productType = "com.apple.product-type.application.watchapp2";
		};
		B2F63BCDC868B1E3B6792F2B /* FamCal WatchKit Extension */ = {
			isa = PBXNativeTarget;
			buildConfigurationList = B837B98AAC7B7003DC6BF666 /* Build configuration list for PBXNativeTarget "FamCal WatchKit Extension" */;
			buildPhases = (
				1C49FA21187221FD9F3CA01D /* Sources */,
				329AAAAB6BB3CA6AE3ECB455 /* Frameworks */,
				6D3ED399A1AB287DFED2DDD9 /* Resources */,
			);
			buildRules = (
			);
			dependencies = (
			);
			name = "FamCal WatchKit Extension";
			productName = "FamCal WatchKit Extension";
			productReference = 67974C107FC90002510DC359 /* FamCal WatchKit Extension.appex */;
			productType = "com.apple.product-type.watchkit2-extension";
		};
		FD1B9A6C2ECB1ED700B8C72E /* FamCal */ = {
			isa = PBXNativeTarget;
			buildConfigurationList = FD1B9A942ECB1ED800B8C72E /* Build configuration list for PBXNativeTarget "FamCal" */;
			buildPhases = (
				162AFEB2E9A0738BDD3A67F0 /* [CP] Check Pods Manifest.lock */,
				FD1B9A692ECB1ED700B8C72E /* Sources */,
				FD1B9A6A2ECB1ED700B8C72E /* Frameworks */,
				FD1B9A6B2ECB1ED700B8C72E /* Resources */,
				1BAA52DAC51B46DD976D7195 /* Embed Foundation Extensions */,
				4E758BFB6A2748EA19239C19 /* [CP] Copy Pods Resources */,
			);
			buildRules = (
			);
			dependencies = (
				02E4EF848E0E439BABDC8185 /* PBXTargetDependency */,
				FD1CA6082F0F5C4100A1C5E8 /* PBXTargetDependency */,
			);
			fileSystemSynchronizedGroups = (
				FD1B9A6F2ECB1ED700B8C72E /* FamCal */,
			);
			name = FamCal;
			packageProductDependencies = (
				FD05CD2F2ED3830B003A2662 /* Auth */,
				FD05CD312ED3830B003A2662 /* PostgREST */,
				FD05CD332ED3830B003A2662 /* Realtime */,
				FD05CD352ED3830B003A2662 /* Storage */,
				FD9B4E012F0E5C3100A1B2C3 /* GoogleSignIn */,
			);
			productName = FamCal;
			productReference = FD1B9A6D2ECB1ED700B8C72E /* FamCal.app */;
			productType = "com.apple.product-type.application";
		};
		FD1B9A802ECB1ED800B8C72E /* FamCalTests */ = {
			isa = PBXNativeTarget;
			buildConfigurationList = FD1B9A992ECB1ED800B8C72E /* Build configuration list for PBXNativeTarget "FamCalTests" */;
			buildPhases = (
				FD1B9A7D2ECB1ED800B8C72E /* Sources */,
				FD1B9A7E2ECB1ED800B8C72E /* Frameworks */,
				FD1B9A7F2ECB1ED800B8C72E /* Resources */,
			);
			buildRules = (
			);
			dependencies = (
				FD1B9A832ECB1ED800B8C72E /* PBXTargetDependency */,
			);
			fileSystemSynchronizedGroups = (
				FD1B9A842ECB1ED800B8C72E /* FamCalTests */,
			);
			name = FamCalTests;
			productName = FamCalTests;
			productReference = FD1B9A812ECB1ED800B8C72E /* FamCalTests.xctest */;
			productType = "com.apple.product-type.bundle.unit-test";
		};
		FD1B9A8A2ECB1ED800B8C72E /* FamCalUITests */ = {
			isa = PBXNativeTarget;
			buildConfigurationList = FD1B9A9C2ECB1ED800B8C72E /* Build configuration list for PBXNativeTarget "FamCalUITests" */;
			buildPhases = (
				FD1B9A872ECB1ED800B8C72E /* Sources */,
				FD1B9A882ECB1ED800B8C72E /* Frameworks */,
				FD1B9A892ECB1ED800B8C72E /* Resources */,
			);
			buildRules = (
			);
			dependencies = (
				FD1B9A8D2ECB1ED800B8C72E /* PBXTargetDependency */,
			);
			fileSystemSynchronizedGroups = (
				FD1B9A8E2ECB1ED800B8C72E /* FamCalUITests */,
			);
			name = FamCalUITests;
			productName = FamCalUITests;
			productReference = FD1B9A8B2ECB1ED800B8C72E /* FamCalUITests.xctest */;
			productType = "com.apple.product-type.bundle.ui-testing";
		};
		FD1CA5FF2F0F5C4100A1C5E8 /* FamCalNotificationContent */ = {
			isa = PBXNativeTarget;
			buildConfigurationList = FD1CA6052F0F5C4100A1C5E8 /* Build configuration list for PBXNativeTarget "FamCalNotificationContent" */;
			buildPhases = (
				FD1CA5FC2F0F5C4100A1C5E8 /* Sources */,
				FD1CA5FE2F0F5C4100A1C5E8 /* Frameworks */,
				FD1CA60A2F0F5C4100A1C5E8 /* Resources */,
			);
			buildRules = (
			);
			dependencies = (
			);
			fileSystemSynchronizedGroups = (
				FD1CA5FD2F0F5C4100A1C5E8 /* FamCalNotificationContent */,
			);
			name = FamCalNotificationContent;
			productName = FamCalNotificationContent;
			productReference = FD1CA6012F0F5C4100A1C5E8 /* FamCalNotificationContent.appex */;
			productType = "com.apple.product-type.app-extension";
		};
/* End PBXNativeTarget section */

/* Begin PBXProject section */
		FD1B9A652ECB1ED700B8C72E /* Project object */ = {
			isa = PBXProject;
			attributes = {
				BuildIndependentTargetsInParallel = 1;
				LastSwiftUpdateCheck = 2610;
				LastUpgradeCheck = 2610;
				TargetAttributes = {
					FD1B9A6C2ECB1ED700B8C72E = {
						CreatedOnToolsVersion = 26.1.1;
					};
					FD1B9A802ECB1ED800B8C72E = {
						CreatedOnToolsVersion = 26.1.1;
						TestTargetID = FD1B9A6C2ECB1ED700B8C72E;
					};
					FD1B9A8A2ECB1ED800B8C72E = {
						CreatedOnToolsVersion = 26.1.1;
						TestTargetID = FD1B9A6C2ECB1ED700B8C72E;
					};
				};
			};
			buildConfigurationList = FD1B9A682ECB1ED700B8C72E /* Build configuration list for PBXProject "FamCal" */;
			developmentRegion = en;
			hasScannedForEncodings = 0;
			knownRegions = (
				en,
				Base,
			);
			mainGroup = FD1B9A642ECB1ED700B8C72E;
			minimizedProjectReferenceProxies = 1;
			packageReferences = (
				FD05CD2E2ED3830B003A2662 /* XCRemoteSwiftPackageReference "supabase-swift" */,
				FD9B4E022F0E5C3100A1B2C3 /* XCRemoteSwiftPackageReference "GoogleSignIn-iOS" */,
			);
			preferredProjectObjectVersion = 77;
			productRefGroup = FD1B9A6E2ECB1ED700B8C72E /* Products */;
			projectDirPath = "";
			projectRoot = "";
			targets = (
				FD1B9A6C2ECB1ED700B8C72E /* FamCal */,
				FD1B9A802ECB1ED800B8C72E /* FamCalTests */,
				1D9CDB3F0D434692A51CC6A8 /* NextEventWidget */,
				FD1B9A8A2ECB1ED800B8C72E /* FamCalUITests */,
				FD1CA5FF2F0F5C4100A1C5E8 /* FamCalNotificationContent */,
				B2F63BCDC868B1E3B6792F2B /* FamCal WatchKit Extension */,
				2F92552573ADC588977D1986 /* FamCal WatchKit App */,
			);
		};
/* End PBXProject section */

/* Begin PBXResourcesBuildPhase section */
		3570F4FB29EC35F25FFAA372 /* Resources */ = {
			isa = PBXResourcesBuildPhase;
			buildActionMask = 2147483647;
			files = (
			);
			runOnlyForDeploymentPostprocessing = 0;
		};
		6D3ED399A1AB287DFED2DDD9 /* Resources */ = {
			isa = PBXResourcesBuildPhase;
			buildActionMask = 2147483647;
			files = (
			);
			runOnlyForDeploymentPostprocessing = 0;
		};
		8728BEA1512F4BC5844FFB5D /* Resources */ = {
			isa = PBXResourcesBuildPhase;
			buildActionMask = 2147483647;
			files = (
			);
			runOnlyForDeploymentPostprocessing = 0;
		};
		FD1B9A6B2ECB1ED700B8C72E /* Resources */ = {
			isa = PBXResourcesBuildPhase;
			buildActionMask = 2147483647;
			files = (
			);
			runOnlyForDeploymentPostprocessing = 0;
		};
		FD1B9A7F2ECB1ED800B8C72E /* Resources */ = {
			isa = PBXResourcesBuildPhase;
			buildActionMask = 2147483647;
			files = (
			);
			runOnlyForDeploymentPostprocessing = 0;
		};
		FD1B9A892ECB1ED800B8C72E /* Resources */ = {
			isa = PBXResourcesBuildPhase;
			buildActionMask = 2147483647;
			files = (
			);
			runOnlyForDeploymentPostprocessing = 0;
		};
		FD1CA60A2F0F5C4100A1C5E8 /* Resources */ = {
			isa = PBXResourcesBuildPhase;
			buildActionMask = 2147483647;
			files = (
			);
			runOnlyForDeploymentPostprocessing = 0;
		};
/* End PBXResourcesBuildPhase section */

/* Begin PBXShellScriptBuildPhase section */
		162AFEB2E9A0738BDD3A67F0 /* [CP] Check Pods Manifest.lock */ = {
			isa = PBXShellScriptBuildPhase;
			buildActionMask = 2147483647;
			files = (
			);
			inputFileListPaths = (
			);
			inputPaths = (
				"${PODS_PODFILE_DIR_PATH}/Podfile.lock",
				"${PODS_ROOT}/Manifest.lock",
			);
			name = "[CP] Check Pods Manifest.lock";
			outputFileListPaths = (
			);
			outputPaths = (
				"$(DERIVED_FILE_DIR)/Pods-FamCal-checkManifestLockResult.txt",
			);
			runOnlyForDeploymentPostprocessing = 0;
			shellPath = /bin/sh;
			shellScript = "diff \"${PODS_PODFILE_DIR_PATH}/Podfile.lock\" \"${PODS_ROOT}/Manifest.lock\" > /dev/null\nif [ $? != 0 ] ; then\n    # print error to STDERR\n    echo \"error: The sandbox is not in sync with the Podfile.lock. Run 'pod install' or update your CocoaPods installation.\" >&2\n    exit 1\nfi\n# This output is used by Xcode 'outputs' to avoid re-running this script phase.\necho \"SUCCESS\" > \"${SCRIPT_OUTPUT_FILE_0}\"\n";
			showEnvVarsInLog = 0;
		};
		4E758BFB6A2748EA19239C19 /* [CP] Copy Pods Resources */ = {
			isa = PBXShellScriptBuildPhase;
			buildActionMask = 2147483647;
			files = (
			);
			inputFileListPaths = (
				"${PODS_ROOT}/Target Support Files/Pods-FamCal/Pods-FamCal-resources-${CONFIGURATION}-input-files.xcfilelist",
			);
			inputPaths = (
			);
			name = "[CP] Copy Pods Resources";
			outputFileListPaths = (
				"${PODS_ROOT}/Target Support Files/Pods-FamCal/Pods-FamCal-resources-${CONFIGURATION}-output-files.xcfilelist",
			);
			outputPaths = (
			);
			runOnlyForDeploymentPostprocessing = 0;
			shellPath = /bin/sh;
			shellScript = "\"${PODS_ROOT}/Target Support Files/Pods-FamCal/Pods-FamCal-resources.sh\"\n";
			showEnvVarsInLog = 0;
		};
/* End PBXShellScriptBuildPhase section */

/* Begin PBXSourcesBuildPhase section */
		0EBC59C2AA394B9D927FDF59 /* Sources */ = {
			isa = PBXSourcesBuildPhase;
			buildActionMask = 2147483647;
			files = (
			);
			runOnlyForDeploymentPostprocessing = 0;
		};
		1C49FA21187221FD9F3CA01D /* Sources */ = {
			isa = PBXSourcesBuildPhase;
			buildActionMask = 2147483647;
			files = (
				74310E18EABC1EEC71CAE2E3 /* FamCalWatchApp.swift in Sources */,
				0B55838E45C8D09B607BCEA4 /* NextEventsView.swift in Sources */,
				4004F9BD72B30A5332C39B37 /* WatchMemberEvent.swift in Sources */,
			);
			runOnlyForDeploymentPostprocessing = 0;
		};
		DC4188B3A44599ED7176DEE3 /* Sources */ = {
			isa = PBXSourcesBuildPhase;
			buildActionMask = 2147483647;
			files = (
			);
			runOnlyForDeploymentPostprocessing = 0;
		};
		FD1B9A692ECB1ED700B8C72E /* Sources */ = {
			isa = PBXSourcesBuildPhase;
			buildActionMask = 2147483647;
			files = (
			);
			runOnlyForDeploymentPostprocessing = 0;
		};
		FD1B9A7D2ECB1ED800B8C72E /* Sources */ = {
			isa = PBXSourcesBuildPhase;
			buildActionMask = 2147483647;
			files = (
			);
			runOnlyForDeploymentPostprocessing = 0;
		};
		FD1B9A872ECB1ED800B8C72E /* Sources */ = {
			isa = PBXSourcesBuildPhase;
			buildActionMask = 2147483647;
			files = (
			);
			runOnlyForDeploymentPostprocessing = 0;
		};
		FD1CA5FC2F0F5C4100A1C5E8 /* Sources */ = {
			isa = PBXSourcesBuildPhase;
			buildActionMask = 2147483647;
			files = (
			);
			runOnlyForDeploymentPostprocessing = 0;
		};
/* End PBXSourcesBuildPhase section */

/* Begin PBXTargetDependency section */
		02E4EF848E0E439BABDC8185 /* PBXTargetDependency */ = {
			isa = PBXTargetDependency;
			target = 1D9CDB3F0D434692A51CC6A8 /* NextEventWidget */;
			targetProxy = 4BC37E97CDB642CFA7717A5C /* PBXContainerItemProxy */;
		};
		89A324B6E6478A41C8B1B12B /* PBXTargetDependency */ = {
			isa = PBXTargetDependency;
			name = "FamCal WatchKit Extension";
			target = B2F63BCDC868B1E3B6792F2B /* FamCal WatchKit Extension */;
			targetProxy = 7886C39C528A1657664AC351 /* PBXContainerItemProxy */;
		};
		FD1B9A832ECB1ED800B8C72E /* PBXTargetDependency */ = {
			isa = PBXTargetDependency;
			target = FD1B9A6C2ECB1ED700B8C72E /* FamCal */;
			targetProxy = FD1B9A822ECB1ED800B8C72E /* PBXContainerItemProxy */;
		};
		FD1B9A8D2ECB1ED800B8C72E /* PBXTargetDependency */ = {
			isa = PBXTargetDependency;
			target = FD1B9A6C2ECB1ED700B8C72E /* FamCal */;
			targetProxy = FD1B9A8C2ECB1ED800B8C72E /* PBXContainerItemProxy */;
		};
		FD1CA6082F0F5C4100A1C5E8 /* PBXTargetDependency */ = {
			isa = PBXTargetDependency;
			target = FD1CA5FF2F0F5C4100A1C5E8 /* FamCalNotificationContent */;
			targetProxy = FD1CA6072F0F5C4100A1C5E8 /* PBXContainerItemProxy */;
		};
/* End PBXTargetDependency section */

/* Begin XCBuildConfiguration section */
		196DF5C3D5A14D17A8889574 /* Release */ = {
			isa = XCBuildConfiguration;
			buildSettings = {
				ASETCATALOG_COMPILER_GLOBAL_ACCENT_COLOR_NAME = AccentColor;
				ASETCATALOG_COMPILER_WIDGET_BACKGROUND_COLOR_NAME = WidgetBackground;
				CODE_SIGN_ENTITLEMENTS = NextEventWidget/NextEventWidget.entitlements;
				CODE_SIGN_STYLE = Automatic;
				CURRENT_PROJECT_VERSION = 1;
				DEVELOPMENT_TEAM = M7KXVX37Y7;
				GENERATE_INFOPLIST_FILE = YES;
				INFOPLIST_FILE = NextEventWidget/Info.plist;
				INFOPLIST_KEY_CFBundleDisplayName = NextEventWidget;
				INFOPLIST_KEY_NSHumanReadableCopyright = "";
				LD_RUNPATH_SEARCH_PATHS = (
					"$(inherited)",
					"@executable_path/Frameworks",
					"@executable_path/../../Frameworks",
				);
				MARKETING_VERSION = 7;
				PRODUCT_BUNDLE_IDENTIFIER = mdias.FamCal.NextEventWidget;
				PRODUCT_NAME = "$(TARGET_NAME)";
				SKIP_INSTALL = YES;
				STRING_CATALOG_GENERATE_SYMBOLS = YES;
				SWIFT_APPROACHABLE_CONCURRENCY = YES;
				SWIFT_EMIT_LOC_STRINGS = YES;
				SWIFT_UPCOMING_FEATURE_MEMBER_IMPORT_VISIBILITY = YES;
				SWIFT_VERSION = 5.0;
				TARGETED_DEVICE_FAMILY = "1,2";
			};
			name = Release;
		};
		213D1E2A5BF74598A3A0E826 /* Debug */ = {
			isa = XCBuildConfiguration;
			buildSettings = {
				ASETCATALOG_COMPILER_GLOBAL_ACCENT_COLOR_NAME = AccentColor;
				ASETCATALOG_COMPILER_WIDGET_BACKGROUND_COLOR_NAME = WidgetBackground;
				CODE_SIGN_ENTITLEMENTS = NextEventWidget/NextEventWidget.entitlements;
				CODE_SIGN_STYLE = Automatic;
				CURRENT_PROJECT_VERSION = 1;
				DEVELOPMENT_TEAM = M7KXVX37Y7;
				GENERATE_INFOPLIST_FILE = YES;
				INFOPLIST_FILE = NextEventWidget/Info.plist;
				INFOPLIST_KEY_CFBundleDisplayName = NextEventWidget;
				INFOPLIST_KEY_NSHumanReadableCopyright = "";
				LD_RUNPATH_SEARCH_PATHS = (
					"$(inherited)",
					"@executable_path/Frameworks",
					"@executable_path/../../Frameworks",
				);
				MARKETING_VERSION = 7;
				PRODUCT_BUNDLE_IDENTIFIER = mdias.FamCal.NextEventWidget;
				PRODUCT_NAME = "$(TARGET_NAME)";
				SKIP_INSTALL = YES;
				STRING_CATALOG_GENERATE_SYMBOLS = YES;
				SWIFT_APPROACHABLE_CONCURRENCY = YES;
				SWIFT_EMIT_LOC_STRINGS = YES;
				SWIFT_UPCOMING_FEATURE_MEMBER_IMPORT_VISIBILITY = YES;
				SWIFT_VERSION = 5.0;
				TARGETED_DEVICE_FAMILY = "1,2";
			};
			name = Debug;
		};
		3EF3B92C04357878275100D9 /* Release */ = {
			isa = XCBuildConfiguration;
			buildSettings = {
				CODE_SIGN_STYLE = Automatic;
				DEVELOPMENT_TEAM = M7KXVX37Y7;
				INFOPLIST_FILE = WatchAppExtension/Info.plist;
				PRODUCT_BUNDLE_IDENTIFIER = mdias.FamCal.watchapp.watchkitextension;
				SDKROOT = watchos;
				PRODUCT_NAME = "FamCal WatchKit Extension";
				SWIFT_VERSION = 5.0;
				SKIP_INSTALL = YES;
				VALIDATE_PRODUCT = YES;
				WATCHOS_DEPLOYMENT_TARGET = 10.0;
			};
			name = Release;
		};
		9406A24D0E6EAE0C8DA2FDED /* Release */ = {
			isa = XCBuildConfiguration;
			buildSettings = {
				CODE_SIGN_STYLE = Automatic;
				DEVELOPMENT_TEAM = M7KXVX37Y7;
				INFOPLIST_FILE = WatchApp/Info.plist;
				PRODUCT_BUNDLE_IDENTIFIER = mdias.FamCal.watchapp;
				SDKROOT = watchos;
				PRODUCT_NAME = "FamCal WatchKit App";
				SWIFT_VERSION = 5.0;
				SKIP_INSTALL = YES;
				VALIDATE_PRODUCT = YES;
				WATCHOS_DEPLOYMENT_TARGET = 10.0;
			};
			name = Release;
		};
		AE1D04D0B64F22AF48280B46 /* Debug */ = {
			isa = XCBuildConfiguration;
			buildSettings = {
				CODE_SIGN_STYLE = Automatic;
				DEVELOPMENT_TEAM = M7KXVX37Y7;
				INFOPLIST_FILE = WatchAppExtension/Info.plist;
				PRODUCT_BUNDLE_IDENTIFIER = mdias.FamCal.watchapp.watchkitextension;
				SDKROOT = watchos;
				PRODUCT_NAME = "FamCal WatchKit Extension";
				SWIFT_VERSION = 5.0;
				SKIP_INSTALL = YES;
				WATCHOS_DEPLOYMENT_TARGET = 10.0;
			};
			name = Debug;
		};
		D2A903EC303F703D157E4DB9 /* Debug */ = {
			isa = XCBuildConfiguration;
			buildSettings = {
				CODE_SIGN_STYLE = Automatic;
				DEVELOPMENT_TEAM = M7KXVX37Y7;
				INFOPLIST_FILE = WatchApp/Info.plist;
				PRODUCT_BUNDLE_IDENTIFIER = mdias.FamCal.watchapp;
				SDKROOT = watchos;
				PRODUCT_NAME = "FamCal WatchKit App";
				SWIFT_VERSION = 5.0;
				SKIP_INSTALL = YES;
				WATCHOS_DEPLOYMENT_TARGET = 10.0;
			};
			name = Debug;
		};
		FD1B9A952ECB1ED800B8C72E /* Debug */ = {
			isa = XCBuildConfiguration;
			baseConfigurationReference = 4422D0B07B993B90E48CF99D /* Pods-FamCal.debug.xcconfig */;
			buildSettings = {
				ASSETCATALOG_COMPILER_APPICON_NAME = "";
				"ASSETCATALOG_COMPILER_APPICON_NAME[sdk=iphoneos*]" = AppIcon;
				ASSETCATALOG_COMPILER_GLOBAL_ACCENT_COLOR_NAME = AccentColor;
				ASSETCATALOG_COMPILER_INCLUDE_ALL_APPICON_ASSETS = YES;
				CODE_SIGN_ENTITLEMENTS = FamCal/FamCal.entitlements;
				CODE_SIGN_IDENTITY = "Apple Development";
				CODE_SIGN_STYLE = Automatic;
				CURRENT_PROJECT_VERSION = 1;
				DEVELOPMENT_TEAM = M7KXVX37Y7;
				ENABLE_PREVIEWS = YES;
				GENERATE_INFOPLIST_FILE = YES;
				INFOPLIST_FILE = FamCal/Info.plist;
				INFOPLIST_KEY_NSCalendarsFullAccessUsageDescription = "FamCal needs full calendar access to add new family events, reminders, alerts, and travel time blocks to your calendars.";
				INFOPLIST_KEY_NSCalendarsUsageDescription = "FamCal needs access to your calendars to display family events and allow you to create and manage appointments.";
				INFOPLIST_KEY_NSContactsUsageDescription = "FamCal needs access to your contacts to let you quickly add drivers from your contact list when creating events.";
				INFOPLIST_KEY_NSLocationWhenInUseUsageDescription = "FamCal uses your location to show event destinations on the map and open directions.";
				INFOPLIST_KEY_UIApplicationSceneManifest_Generation = YES;
				INFOPLIST_KEY_UIApplicationSupportsIndirectInputEvents = YES;
				INFOPLIST_KEY_UILaunchScreen_Generation = YES;
				INFOPLIST_KEY_UIStatusBarStyle = "";
				INFOPLIST_KEY_UISupportedInterfaceOrientations = "UIInterfaceOrientationLandscapeLeft UIInterfaceOrientationLandscapeRight UIInterfaceOrientationPortrait";
				IPHONEOS_DEPLOYMENT_TARGET = 18.6;
				LD_RUNPATH_SEARCH_PATHS = (
					"$(inherited)",
					"@executable_path/Frameworks",
				);
				MARKETING_VERSION = 7;
				PRODUCT_BUNDLE_IDENTIFIER = mdias.FamCal;
				PRODUCT_NAME = "$(TARGET_NAME)";
				PROVISIONING_PROFILE_SPECIFIER = "";
				STRING_CATALOG_GENERATE_SYMBOLS = YES;
				SWIFT_APPROACHABLE_CONCURRENCY = YES;
				SWIFT_DEFAULT_ACTOR_ISOLATION = MainActor;
				SWIFT_EMIT_LOC_STRINGS = YES;
				SWIFT_UPCOMING_FEATURE_MEMBER_IMPORT_VISIBILITY = YES;
				SWIFT_VERSION = 5.0;
				TARGETED_DEVICE_FAMILY = "1,2";
			};
			name = Debug;
		};
		FD1B9A962ECB1ED800B8C72E /* Release */ = {
			isa = XCBuildConfiguration;
			baseConfigurationReference = 363D1C58560F637A3316330C /* Pods-FamCal.release.xcconfig */;
			buildSettings = {
				ASSETCATALOG_COMPILER_APPICON_NAME = "";
				"ASSETCATALOG_COMPILER_APPICON_NAME[sdk=iphoneos*]" = AppIcon;
				ASSETCATALOG_COMPILER_GLOBAL_ACCENT_COLOR_NAME = AccentColor;
				ASSETCATALOG_COMPILER_INCLUDE_ALL_APPICON_ASSETS = YES;
				CODE_SIGN_ENTITLEMENTS = FamCal/FamCal.entitlements;
				CODE_SIGN_IDENTITY = "Apple Development";
				CODE_SIGN_STYLE = Automatic;
				CURRENT_PROJECT_VERSION = 1;
				DEVELOPMENT_TEAM = M7KXVX37Y7;
				ENABLE_PREVIEWS = YES;
				GENERATE_INFOPLIST_FILE = YES;
				INFOPLIST_FILE = FamCal/Info.plist;
				INFOPLIST_KEY_NSCalendarsFullAccessUsageDescription = "FamCal needs full calendar access to add new family events, reminders, alerts, and travel time blocks to your calendars.";
				INFOPLIST_KEY_NSCalendarsUsageDescription = "FamCal needs access to your calendars to display family events and allow you to create and manage appointments.";
				INFOPLIST_KEY_NSContactsUsageDescription = "FamCal needs access to your contacts to let you quickly add drivers from your contact list when creating events.";
				INFOPLIST_KEY_NSLocationWhenInUseUsageDescription = "FamCal uses your location to show event destinations on the map and open directions.";
				INFOPLIST_KEY_UIApplicationSceneManifest_Generation = YES;
				INFOPLIST_KEY_UIApplicationSupportsIndirectInputEvents = YES;
				INFOPLIST_KEY_UILaunchScreen_Generation = YES;
				INFOPLIST_KEY_UIStatusBarStyle = "";
				INFOPLIST_KEY_UISupportedInterfaceOrientations = "UIInterfaceOrientationLandscapeLeft UIInterfaceOrientationLandscapeRight UIInterfaceOrientationPortrait";
				IPHONEOS_DEPLOYMENT_TARGET = 18.6;
				LD_RUNPATH_SEARCH_PATHS = (
					"$(inherited)",
					"@executable_path/Frameworks",
				);
				MARKETING_VERSION = 7;
				PRODUCT_BUNDLE_IDENTIFIER = mdias.FamCal;
				PRODUCT_NAME = "$(TARGET_NAME)";
				PROVISIONING_PROFILE_SPECIFIER = "";
				STRING_CATALOG_GENERATE_SYMBOLS = YES;
				SWIFT_APPROACHABLE_CONCURRENCY = YES;
				SWIFT_DEFAULT_ACTOR_ISOLATION = MainActor;
				SWIFT_EMIT_LOC_STRINGS = YES;
				SWIFT_UPCOMING_FEATURE_MEMBER_IMPORT_VISIBILITY = YES;
				SWIFT_VERSION = 5.0;
				TARGETED_DEVICE_FAMILY = "1,2";
			};
			name = Release;
		};
		FD1B9A972ECB1ED800B8C72E /* Debug */ = {
			isa = XCBuildConfiguration;
			buildSettings = {
				ALWAYS_SEARCH_USER_PATHS = NO;
				ASSETCATALOG_COMPILER_GENERATE_SWIFT_ASSET_SYMBOL_EXTENSIONS = YES;
				CLANG_ANALYZER_NONNULL = YES;
				CLANG_ANALYZER_NUMBER_OBJECT_CONVERSION = YES_AGGRESSIVE;
				CLANG_CXX_LANGUAGE_STANDARD = "gnu++20";
				CLANG_ENABLE_MODULES = YES;
				CLANG_ENABLE_OBJC_ARC = YES;
				CLANG_ENABLE_OBJC_WEAK = YES;
				CLANG_WARN_BLOCK_CAPTURE_AUTORELEASING = YES;
				CLANG_WARN_BOOL_CONVERSION = YES;
				CLANG_WARN_COMMA = YES;
				CLANG_WARN_CONSTANT_CONVERSION = YES;
				CLANG_WARN_DEPRECATED_OBJC_IMPLEMENTATIONS = YES;
				CLANG_WARN_DIRECT_OBJC_ISA_USAGE = YES_ERROR;
				CLANG_WARN_DOCUMENTATION_COMMENTS = YES;
				CLANG_WARN_EMPTY_BODY = YES;
				CLANG_WARN_ENUM_CONVERSION = YES;
				CLANG_WARN_INFINITE_RECURSION = YES;
				CLANG_WARN_INT_CONVERSION = YES;
				CLANG_WARN_NON_LITERAL_NULL_CONVERSION = YES;
				CLANG_WARN_OBJC_IMPLICIT_RETAIN_SELF = YES;
				CLANG_WARN_OBJC_LITERAL_CONVERSION = YES;
				CLANG_WARN_OBJC_ROOT_CLASS = YES_ERROR;
				CLANG_WARN_QUOTED_INCLUDE_IN_FRAMEWORK_HEADER = YES;
				CLANG_WARN_RANGE_LOOP_ANALYSIS = YES;
				CLANG_WARN_STRICT_PROTOTYPES = YES;
				CLANG_WARN_SUSPICIOUS_MOVE = YES;
				CLANG_WARN_UNGUARDED_AVAILABILITY = YES_AGGRESSIVE;
				CLANG_WARN_UNREACHABLE_CODE = YES;
				CLANG_WARN__DUPLICATE_METHOD_MATCH = YES;
				COPY_PHASE_STRIP = NO;
				DEBUG_INFORMATION_FORMAT = dwarf;
				DEVELOPMENT_TEAM = M7KXVX37Y7;
				ENABLE_STRICT_OBJC_MSGSEND = YES;
				ENABLE_TESTABILITY = YES;
				ENABLE_USER_SCRIPT_SANDBOXING = NO;
				GCC_C_LANGUAGE_STANDARD = gnu17;
				GCC_DYNAMIC_NO_PIC = NO;
				GCC_NO_COMMON_BLOCKS = YES;
				GCC_OPTIMIZATION_LEVEL = 0;
				GCC_PREPROCESSOR_DEFINITIONS = (
					"DEBUG=1",
					"$(inherited)",
				);
				GCC_WARN_64_TO_32_BIT_CONVERSION = YES;
				GCC_WARN_ABOUT_RETURN_TYPE = YES_ERROR;
				GCC_WARN_UNDECLARED_SELECTOR = YES;
				GCC_WARN_UNINITIALIZED_AUTOS = YES_AGGRESSIVE;
				GCC_WARN_UNUSED_FUNCTION = YES;
				GCC_WARN_UNUSED_VARIABLE = YES;
				IPHONEOS_DEPLOYMENT_TARGET = 26.1;
				LOCALIZATION_PREFERS_STRING_CATALOGS = YES;
				MTL_ENABLE_DEBUG_INFO = INCLUDE_SOURCE;
				MTL_FAST_MATH = YES;
				ONLY_ACTIVE_ARCH = YES;
				SDKROOT = iphoneos;
				SWIFT_ACTIVE_COMPILATION_CONDITIONS = "DEBUG $(inherited)";
				SWIFT_OPTIMIZATION_LEVEL = "-Onone";
			};
			name = Debug;
		};
		FD1B9A982ECB1ED800B8C72E /* Release */ = {
			isa = XCBuildConfiguration;
			buildSettings = {
				ALWAYS_SEARCH_USER_PATHS = NO;
				ASSETCATALOG_COMPILER_GENERATE_SWIFT_ASSET_SYMBOL_EXTENSIONS = YES;
				CLANG_ANALYZER_NONNULL = YES;
				CLANG_ANALYZER_NUMBER_OBJECT_CONVERSION = YES_AGGRESSIVE;
				CLANG_CXX_LANGUAGE_STANDARD = "gnu++20";
				CLANG_ENABLE_MODULES = YES;
				CLANG_ENABLE_OBJC_ARC = YES;
				CLANG_ENABLE_OBJC_WEAK = YES;
				CLANG_WARN_BLOCK_CAPTURE_AUTORELEASING = YES;
				CLANG_WARN_BOOL_CONVERSION = YES;
				CLANG_WARN_COMMA = YES;
				CLANG_WARN_CONSTANT_CONVERSION = YES;
				CLANG_WARN_DEPRECATED_OBJC_IMPLEMENTATIONS = YES;
				CLANG_WARN_DIRECT_OBJC_ISA_USAGE = YES_ERROR;
				CLANG_WARN_DOCUMENTATION_COMMENTS = YES;
				CLANG_WARN_EMPTY_BODY = YES;
				CLANG_WARN_ENUM_CONVERSION = YES;
				CLANG_WARN_INFINITE_RECURSION = YES;
				CLANG_WARN_INT_CONVERSION = YES;
				CLANG_WARN_NON_LITERAL_NULL_CONVERSION = YES;
				CLANG_WARN_OBJC_IMPLICIT_RETAIN_SELF = YES;
				CLANG_WARN_OBJC_LITERAL_CONVERSION = YES;
				CLANG_WARN_OBJC_ROOT_CLASS = YES_ERROR;
				CLANG_WARN_QUOTED_INCLUDE_IN_FRAMEWORK_HEADER = YES;
				CLANG_WARN_RANGE_LOOP_ANALYSIS = YES;
				CLANG_WARN_STRICT_PROTOTYPES = YES;
				CLANG_WARN_SUSPICIOUS_MOVE = YES;
				CLANG_WARN_UNGUARDED_AVAILABILITY = YES_AGGRESSIVE;
				CLANG_WARN_UNREACHABLE_CODE = YES;
				CLANG_WARN__DUPLICATE_METHOD_MATCH = YES;
				COPY_PHASE_STRIP = NO;
				DEBUG_INFORMATION_FORMAT = "dwarf-with-dsym";
				DEVELOPMENT_TEAM = M7KXVX37Y7;
				ENABLE_NS_ASSERTIONS = NO;
				ENABLE_STRICT_OBJC_MSGSEND = YES;
				ENABLE_USER_SCRIPT_SANDBOXING = NO;
				GCC_C_LANGUAGE_STANDARD = gnu17;
				GCC_NO_COMMON_BLOCKS = YES;
				GCC_WARN_64_TO_32_BIT_CONVERSION = YES;
				GCC_WARN_ABOUT_RETURN_TYPE = YES_ERROR;
				GCC_WARN_UNDECLARED_SELECTOR = YES;
				GCC_WARN_UNINITIALIZED_AUTOS = YES_AGGRESSIVE;
				GCC_WARN_UNUSED_FUNCTION = YES;
				GCC_WARN_UNUSED_VARIABLE = YES;
				IPHONEOS_DEPLOYMENT_TARGET = 26.1;
				LOCALIZATION_PREFERS_STRING_CATALOGS = YES;
				MTL_ENABLE_DEBUG_INFO = NO;
				MTL_FAST_MATH = YES;
				SDKROOT = iphoneos;
				SWIFT_COMPILATION_MODE = wholemodule;
				VALIDATE_PRODUCT = YES;
			};
			name = Release;
		};
		FD1B9A9A2ECB1ED800B8C72E /* Debug */ = {
			isa = XCBuildConfiguration;
			buildSettings = {
				BUNDLE_LOADER = "$(TEST_HOST)";
				CODE_SIGN_STYLE = Automatic;
				CURRENT_PROJECT_VERSION = 1;
				DEVELOPMENT_TEAM = M7KXVX37Y7;
				GENERATE_INFOPLIST_FILE = YES;
				IPHONEOS_DEPLOYMENT_TARGET = 26.1;
				MARKETING_VERSION = 1.0;
				PRODUCT_BUNDLE_IDENTIFIER = com.mdias.FamCalTests;
				PRODUCT_NAME = "$(TARGET_NAME)";
				STRING_CATALOG_GENERATE_SYMBOLS = NO;
				SWIFT_APPROACHABLE_CONCURRENCY = YES;
				SWIFT_EMIT_LOC_STRINGS = NO;
				SWIFT_UPCOMING_FEATURE_MEMBER_IMPORT_VISIBILITY = YES;
				SWIFT_VERSION = 5.0;
				TARGETED_DEVICE_FAMILY = "1,2";
				TEST_HOST = "$(BUILT_PRODUCTS_DIR)/FamCal.app/$(BUNDLE_EXECUTABLE_FOLDER_PATH)/FamCal";
			};
			name = Debug;
		};
		FD1B9A9B2ECB1ED800B8C72E /* Release */ = {
			isa = XCBuildConfiguration;
			buildSettings = {
				BUNDLE_LOADER = "$(TEST_HOST)";
				CODE_SIGN_STYLE = Automatic;
				CURRENT_PROJECT_VERSION = 1;
				DEVELOPMENT_TEAM = M7KXVX37Y7;
				GENERATE_INFOPLIST_FILE = YES;
				IPHONEOS_DEPLOYMENT_TARGET = 26.1;
				MARKETING_VERSION = 1.0;
				PRODUCT_BUNDLE_IDENTIFIER = com.mdias.FamCalTests;
				PRODUCT_NAME = "$(TARGET_NAME)";
				STRING_CATALOG_GENERATE_SYMBOLS = NO;
				SWIFT_APPROACHABLE_CONCURRENCY = YES;
				SWIFT_EMIT_LOC_STRINGS = NO;
				SWIFT_UPCOMING_FEATURE_MEMBER_IMPORT_VISIBILITY = YES;
				SWIFT_VERSION = 5.0;
				TARGETED_DEVICE_FAMILY = "1,2";
				TEST_HOST = "$(BUILT_PRODUCTS_DIR)/FamCal.app/$(BUNDLE_EXECUTABLE_FOLDER_PATH)/FamCal";
			};
			name = Release;
		};
		FD1B9A9D2ECB1ED800B8C72E /* Debug */ = {
			isa = XCBuildConfiguration;
			buildSettings = {
				CODE_SIGN_STYLE = Automatic;
				CURRENT_PROJECT_VERSION = 1;
				DEVELOPMENT_TEAM = M7KXVX37Y7;
				GENERATE_INFOPLIST_FILE = YES;
				MARKETING_VERSION = 1.0;
				PRODUCT_BUNDLE_IDENTIFIER = com.mdias.FamCalUITests;
				PRODUCT_NAME = "$(TARGET_NAME)";
				STRING_CATALOG_GENERATE_SYMBOLS = NO;
				SWIFT_APPROACHABLE_CONCURRENCY = YES;
				SWIFT_EMIT_LOC_STRINGS = NO;
				SWIFT_UPCOMING_FEATURE_MEMBER_IMPORT_VISIBILITY = YES;
				SWIFT_VERSION = 5.0;
				TARGETED_DEVICE_FAMILY = "1,2";
				TEST_TARGET_NAME = FamCal;
			};
			name = Debug;
		};
		FD1B9A9E2ECB1ED800B8C72E /* Release */ = {
			isa = XCBuildConfiguration;
			buildSettings = {
				CODE_SIGN_STYLE = Automatic;
				CURRENT_PROJECT_VERSION = 1;
				DEVELOPMENT_TEAM = M7KXVX37Y7;
				GENERATE_INFOPLIST_FILE = YES;
				MARKETING_VERSION = 1.0;
				PRODUCT_BUNDLE_IDENTIFIER = com.mdias.FamCalUITests;
				PRODUCT_NAME = "$(TARGET_NAME)";
				STRING_CATALOG_GENERATE_SYMBOLS = NO;
				SWIFT_APPROACHABLE_CONCURRENCY = YES;
				SWIFT_EMIT_LOC_STRINGS = NO;
				SWIFT_UPCOMING_FEATURE_MEMBER_IMPORT_VISIBILITY = YES;
				SWIFT_VERSION = 5.0;
				TARGETED_DEVICE_FAMILY = "1,2";
				TEST_TARGET_NAME = FamCal;
			};
			name = Release;
		};
		FD1CA6032F0F5C4100A1C5E8 /* Debug */ = {
			isa = XCBuildConfiguration;
			buildSettings = {
				CODE_SIGN_STYLE = Automatic;
				CURRENT_PROJECT_VERSION = 1;
				DEVELOPMENT_TEAM = M7KXVX37Y7;
				GENERATE_INFOPLIST_FILE = YES;
				INFOPLIST_FILE = FamCalNotificationContent/Info.plist;
				IPHONEOS_DEPLOYMENT_TARGET = 16.0;
				LD_RUNPATH_SEARCH_PATHS = (
					"$(inherited)",
					"@executable_path/Frameworks",
					"@executable_path/../../Frameworks",
				);
				MARKETING_VERSION = 7;
				PRODUCT_BUNDLE_IDENTIFIER = mdias.FamCal.NotificationContent;
				PRODUCT_NAME = "$(TARGET_NAME)";
				SKIP_INSTALL = YES;
				SWIFT_APPROACHABLE_CONCURRENCY = YES;
				SWIFT_EMIT_LOC_STRINGS = YES;
				SWIFT_UPCOMING_FEATURE_MEMBER_IMPORT_VISIBILITY = YES;
				SWIFT_VERSION = 5.0;
				TARGETED_DEVICE_FAMILY = "1,2";
			};
			name = Debug;
		};
		FD1CA6042F0F5C4100A1C5E8 /* Release */ = {
			isa = XCBuildConfiguration;
			buildSettings = {
				CODE_SIGN_STYLE = Automatic;
				CURRENT_PROJECT_VERSION = 1;
				DEVELOPMENT_TEAM = M7KXVX37Y7;
				GENERATE_INFOPLIST_FILE = YES;
				INFOPLIST_FILE = FamCalNotificationContent/Info.plist;
				IPHONEOS_DEPLOYMENT_TARGET = 16.0;
				LD_RUNPATH_SEARCH_PATHS = (
					"$(inherited)",
					"@executable_path/Frameworks",
					"@executable_path/../../Frameworks",
				);
				MARKETING_VERSION = 7;
				PRODUCT_BUNDLE_IDENTIFIER = mdias.FamCal.NotificationContent;
				PRODUCT_NAME = "$(TARGET_NAME)";
				SKIP_INSTALL = YES;
				SWIFT_APPROACHABLE_CONCURRENCY = YES;
				SWIFT_EMIT_LOC_STRINGS = YES;
				SWIFT_UPCOMING_FEATURE_MEMBER_IMPORT_VISIBILITY = YES;
				SWIFT_VERSION = 5.0;
				TARGETED_DEVICE_FAMILY = "1,2";
			};
			name = Release;
		};
/* End XCBuildConfiguration section */

/* Begin XCConfigurationList section */
		8804C409599C4BEB6C5E393C /* Build configuration list for PBXNativeTarget "FamCal WatchKit App" */ = {
			isa = XCConfigurationList;
			buildConfigurations = (
				9406A24D0E6EAE0C8DA2FDED /* Release */,
				D2A903EC303F703D157E4DB9 /* Debug */,
			);
			defaultConfigurationIsVisible = 0;
			defaultConfigurationName = Release;
		};
		B837B98AAC7B7003DC6BF666 /* Build configuration list for PBXNativeTarget "FamCal WatchKit Extension" */ = {
			isa = XCConfigurationList;
			buildConfigurations = (
				3EF3B92C04357878275100D9 /* Release */,
				AE1D04D0B64F22AF48280B46 /* Debug */,
			);
			defaultConfigurationIsVisible = 0;
			defaultConfigurationName = Release;
		};
		E862BC1A83AB457F8B358598 /* Build configuration list for PBXNativeTarget "NextEventWidget" */ = {
			isa = XCConfigurationList;
			buildConfigurations = (
				213D1E2A5BF74598A3A0E826 /* Debug */,
				196DF5C3D5A14D17A8889574 /* Release */,
			);
			defaultConfigurationIsVisible = 0;
			defaultConfigurationName = Release;
		};
		FD1B9A682ECB1ED700B8C72E /* Build configuration list for PBXProject "FamCal" */ = {
			isa = XCConfigurationList;
			buildConfigurations = (
				FD1B9A972ECB1ED800B8C72E /* Debug */,
				FD1B9A982ECB1ED800B8C72E /* Release */,
			);
			defaultConfigurationIsVisible = 0;
			defaultConfigurationName = Release;
		};
		FD1B9A942ECB1ED800B8C72E /* Build configuration list for PBXNativeTarget "FamCal" */ = {
			isa = XCConfigurationList;
			buildConfigurations = (
				FD1B9A952ECB1ED800B8C72E /* Debug */,
				FD1B9A962ECB1ED800B8C72E /* Release */,
			);
			defaultConfigurationIsVisible = 0;
			defaultConfigurationName = Release;
		};
		FD1B9A992ECB1ED800B8C72E /* Build configuration list for PBXNativeTarget "FamCalTests" */ = {
			isa = XCConfigurationList;
			buildConfigurations = (
				FD1B9A9A2ECB1ED800B8C72E /* Debug */,
				FD1B9A9B2ECB1ED800B8C72E /* Release */,
			);
			defaultConfigurationIsVisible = 0;
			defaultConfigurationName = Release;
		};
		FD1B9A9C2ECB1ED800B8C72E /* Build configuration list for PBXNativeTarget "FamCalUITests" */ = {
			isa = XCConfigurationList;
			buildConfigurations = (
				FD1B9A9D2ECB1ED800B8C72E /* Debug */,
				FD1B9A9E2ECB1ED800B8C72E /* Release */,
			);
			defaultConfigurationIsVisible = 0;
			defaultConfigurationName = Release;
		};
		FD1CA6052F0F5C4100A1C5E8 /* Build configuration list for PBXNativeTarget "FamCalNotificationContent" */ = {
			isa = XCConfigurationList;
			buildConfigurations = (
				FD1CA6032F0F5C4100A1C5E8 /* Debug */,
				FD1CA6042F0F5C4100A1C5E8 /* Release */,
			);
			defaultConfigurationIsVisible = 0;
			defaultConfigurationName = Release;
		};
/* End XCConfigurationList section */

/* Begin XCRemoteSwiftPackageReference section */
		FD05CD2E2ED3830B003A2662 /* XCRemoteSwiftPackageReference "supabase-swift" */ = {
			isa = XCRemoteSwiftPackageReference;
			repositoryURL = "https://github.com/supabase/supabase-swift";
			requirement = {
				kind = upToNextMajorVersion;
				minimumVersion = 2.5.1;
			};
		};
		FD9B4E022F0E5C3100A1B2C3 /* XCRemoteSwiftPackageReference "GoogleSignIn-iOS" */ = {
			isa = XCRemoteSwiftPackageReference;
			repositoryURL = "https://github.com/google/GoogleSignIn-iOS";
			requirement = {
				kind = upToNextMajorVersion;
				minimumVersion = 7.0.0;
			};
		};
/* End XCRemoteSwiftPackageReference section */

/* Begin XCSwiftPackageProductDependency section */
		FD05CD2F2ED3830B003A2662 /* Auth */ = {
			isa = XCSwiftPackageProductDependency;
			package = FD05CD2E2ED3830B003A2662 /* XCRemoteSwiftPackageReference "supabase-swift" */;
			productName = Auth;
		};
		FD05CD312ED3830B003A2662 /* PostgREST */ = {
			isa = XCSwiftPackageProductDependency;
			package = FD05CD2E2ED3830B003A2662 /* XCRemoteSwiftPackageReference "supabase-swift" */;
			productName = PostgREST;
		};
		FD05CD332ED3830B003A2662 /* Realtime */ = {
			isa = XCSwiftPackageProductDependency;
			package = FD05CD2E2ED3830B003A2662 /* XCRemoteSwiftPackageReference "supabase-swift" */;
			productName = Realtime;
		};
		FD05CD352ED3830B003A2662 /* Storage */ = {
			isa = XCSwiftPackageProductDependency;
			package = FD05CD2E2ED3830B003A2662 /* XCRemoteSwiftPackageReference "supabase-swift" */;
			productName = Storage;
		};
		FD9B4E012F0E5C3100A1B2C3 /* GoogleSignIn */ = {
			isa = XCSwiftPackageProductDependency;
			package = FD9B4E022F0E5C3100A1B2C3 /* XCRemoteSwiftPackageReference "GoogleSignIn-iOS" */;
			productName = GoogleSignIn;
		};
/* End XCSwiftPackageProductDependency section */
	};
	rootObject = FD1B9A652ECB1ED700B8C72E /* Project object */;
}
